{
  "name": "cookbook-daily-usage-limits-aws",
  "version": "1.0.0",
  "lockfileVersion": 3,
  "requires": true,
  "packages": {
    "": {
      "name": "cookbook-daily-usage-limits-aws",
      "version": "1.0.0",
      "dependencies": {
        "@aws-sdk/client-cloudwatch": "3.1130.0",
        "@aws-sdk/client-dynamodb": "3.1130.0",
        "@aws-sdk/client-secrets-manager": "3.1130.0",
        "@aws-sdk/client-sqs": "3.1130.0",
        "@aws-sdk/lib-dynamodb": "3.1130.0"
      },
      "engines": {
        "node": ">=24 <27"
      }
    },
    "node_modules/@aws-sdk/client-cloudwatch": {
      "version": "3.1130.0",
      "resolved": "https://registry.npmjs.org/@aws-sdk/client-cloudwatch/-/client-cloudwatch-3.1130.0.tgz",
      "integrity": "sha512-XtBeFWchp4+mxl6aLbL+X072sTIFMgWx2rhrsMjmVOczXCFM443FbYOtRef3hMNAK5Uh9wzjWTdvj7CbIQpsMw==",
      "license": "Apache-2.0",
      "dependencies": {
        "@aws-sdk/core": "^3.978.0",
        "@aws-sdk/credential-provider-node": "^3.972.83",
        "@aws-sdk/types": "^3.974.5",
        "@smithy/core": "^3.33.3",
        "@smithy/fetch-http-handler": "^5.7.2",
        "@smithy/middleware-compression": "^4.6.2",
        "@smithy/node-http-handler": "^4.11.3",
        "@smithy/types": "^4.17.2",
        "tslib": "^2.6.2"
      },
      "engines": {
        "node": ">=20.0.0"
      }
    },
    "node_modules/@aws-sdk/client-dynamodb": {
      "version": "3.1130.0",
      "resolved": "https://registry.npmjs.org/@aws-sdk/client-dynamodb/-/client-dynamodb-3.1130.0.tgz",
      "integrity": "sha512-yPEc9TWLY1McM6xA9wlxA9rM0ZeS8RAeyi1t7rdHPNxq0TpyCDn6z651ccRJ1RrMU4k2aiVzNCaBYUZA4aaA/w==",
      "license": "Apache-2.0",
      "dependencies": {
        "@aws-sdk/core": "^3.978.0",
        "@aws-sdk/credential-provider-node": "^3.972.83",
        "@aws-sdk/dynamodb-codec": "^3.973.45",
        "@aws-sdk/middleware-endpoint-discovery": "^3.972.30",
        "@aws-sdk/types": "^3.974.5",
        "@smithy/core": "^3.33.3",
        "@smithy/fetch-http-handler": "^5.7.2",
        "@smithy/node-http-handler": "^4.11.3",
        "@smithy/types": "^4.17.2",
        "tslib": "^2.6.2"
      },
      "engines": {
        "node": ">=20.0.0"
      }
    },
    "node_modules/@aws-sdk/client-secrets-manager": {
      "version": "3.1130.0",
      "resolved": "https://registry.npmjs.org/@aws-sdk/client-secrets-manager/-/client-secrets-manager-3.1130.0.tgz",
      "integrity": "sha512-RfD0RjuVZuakSByJfk8NmyW7lYYrV/SGkguZsfDmw52rTpkQRDOhjLkNcDLYyMQ3Eg1YU1wXBc7JxFmH0do/bA==",
      "license": "Apache-2.0",
      "dependencies": {
        "@aws-sdk/core": "^3.978.0",
        "@aws-sdk/credential-provider-node": "^3.972.83",
        "@aws-sdk/types": "^3.974.5",
        "@smithy/core": "^3.33.3",
        "@smithy/fetch-http-handler": "^5.7.2",
        "@smithy/node-http-handler": "^4.11.3",
        "@smithy/types": "^4.17.2",
        "tslib": "^2.6.2"
      },
      "engines": {
        "node": ">=20.0.0"
      }
    },
    "node_modules/@aws-sdk/client-sqs": {
      "version": "3.1130.0",
      "resolved": "https://socket-firewall-registry.gateway.unified-30.internal.api.openai.org/npm/@aws-sdk/client-sqs/-/client-sqs-3.1130.0.tgz",
      "integrity": "sha512-l7WYZ/XzBuIoDwptQXnkS0BzADu7jaPAfdePsGMB7DrDvrG5UKREfU/C8kBuCsztuUmjLEh9Hl6wafRPZ7RD8w==",
      "license": "Apache-2.0",
      "dependencies": {
        "@aws-sdk/core": "^3.978.0",
        "@aws-sdk/credential-provider-node": "^3.972.83",
        "@aws-sdk/middleware-sdk-sqs": "^3.972.42",
        "@aws-sdk/types": "^3.974.5",
        "@smithy/core": "^3.33.3",
        "@smithy/fetch-http-handler": "^5.7.2",
        "@smithy/node-http-handler": "^4.11.3",
        "@smithy/types": "^4.17.2",
        "tslib": "^2.6.2"
      },
      "engines": {
        "node": ">=20.0.0"
      }
    },
    "node_modules/@aws-sdk/core": {
      "version": "3.978.0",
      "resolved": "https://registry.npmjs.org/@aws-sdk/core/-/core-3.978.0.tgz",
      "integrity": "sha512-2yX9LUmxPklVjSGTb8dfnWRJSiFQ3TeH2nn7G1mdKHTfnabzF0+gfrS8rYfLWmZrQ8A3mEcxMJjRc51dL5KWaA==",
      "license": "Apache-2.0",
      "dependencies": {
        "@aws-sdk/types": "^3.974.5",
        "@aws-sdk/xml-builder": "^3.972.40",
        "@aws/lambda-invoke-store": "^0.3.0",
        "@smithy/core": "^3.33.3",
        "@smithy/signature-v4": "^5.6.12",
        "@smithy/types": "^4.17.2",
        "bowser": "^2.11.0",
        "tslib": "^2.6.2"
      },
      "engines": {
        "node": ">=20.0.0"
      }
    },
    "node_modules/@aws-sdk/credential-provider-env": {
      "version": "3.972.71",
      "resolved": "https://registry.npmjs.org/@aws-sdk/credential-provider-env/-/credential-provider-env-3.972.71.tgz",
      "integrity": "sha512-JN+JHruYZw3GUZB8YGAlDk4wTDPOEAEEdEzj5nS0xodWR4smzHsN7PnK2j6IeOsDIj2aqua5DSbhXl9Gtf90FQ==",
      "license": "Apache-2.0",
      "dependencies": {
        "@aws-sdk/core": "^3.978.0",
        "@aws-sdk/types": "^3.974.5",
        "@smithy/core": "^3.33.3",
        "@smithy/types": "^4.17.2",
        "tslib": "^2.6.2"
      },
      "engines": {
        "node": ">=20.0.0"
      }
    },
    "node_modules/@aws-sdk/credential-provider-http": {
      "version": "3.972.73",
      "resolved": "https://registry.npmjs.org/@aws-sdk/credential-provider-http/-/credential-provider-http-3.972.73.tgz",
      "integrity": "sha512-uyYYnJOnlis8uQzaYGPd7N1JoioCoNpXgnkXYixsWJXHXgXyYi8WXJSDfofxJeWfQIGWLe2Nwyq60Uc7MZdVOg==",
      "license": "Apache-2.0",
      "dependencies": {
        "@aws-sdk/core": "^3.978.0",
        "@aws-sdk/types": "^3.974.5",
        "@smithy/core": "^3.33.3",
        "@smithy/fetch-http-handler": "^5.7.2",
        "@smithy/node-http-handler": "^4.11.3",
        "@smithy/types": "^4.17.2",
        "tslib": "^2.6.2"
      },
      "engines": {
        "node": ">=20.0.0"
      }
    },
    "node_modules/@aws-sdk/credential-provider-ini": {
      "version": "3.973.16",
      "resolved": "https://registry.npmjs.org/@aws-sdk/credential-provider-ini/-/credential-provider-ini-3.973.16.tgz",
      "integrity": "sha512-i++ly+0Uxa+u3ebSSyr0S/3CFhFJDxCXT3+Zj+mW2bXenEx5bKGCdTIKFu39SgXBNhWDjex/8cXUx9MUTMCrTw==",
      "license": "Apache-2.0",
      "dependencies": {
        "@aws-sdk/core": "^3.978.0",
        "@aws-sdk/credential-provider-env": "^3.972.71",
        "@aws-sdk/credential-provider-http": "^3.972.73",
        "@aws-sdk/credential-provider-login": "^3.972.78",
        "@aws-sdk/credential-provider-process": "^3.972.71",
        "@aws-sdk/credential-provider-sso": "^3.973.15",
        "@aws-sdk/credential-provider-web-identity": "^3.972.77",
        "@aws-sdk/nested-clients": "^3.997.45",
        "@aws-sdk/types": "^3.974.5",
        "@smithy/core": "^3.33.3",
        "@smithy/credential-provider-imds": "^4.4.16",
        "@smithy/types": "^4.17.2",
        "tslib": "^2.6.2"
      },
      "engines": {
        "node": ">=20.0.0"
      }
    },
    "node_modules/@aws-sdk/credential-provider-login": {
      "version": "3.972.78",
      "resolved": "https://registry.npmjs.org/@aws-sdk/credential-provider-login/-/credential-provider-login-3.972.78.tgz",
      "integrity": "sha512-eUtswnXu0+Ii9ieRK+0L7aPFV3Z/dnW2VntJzjBP9xs8s+8p5nBNuymIXtXwZ+5r5+XJP3e32nMkuZ/r0HozEA==",
      "license": "Apache-2.0",
      "dependencies": {
        "@aws-sdk/core": "^3.978.0",
        "@aws-sdk/nested-clients": "^3.997.45",
        "@aws-sdk/types": "^3.974.5",
        "@smithy/core": "^3.33.3",
        "@smithy/types": "^4.17.2",
        "tslib": "^2.6.2"
      },
      "engines": {
        "node": ">=20.0.0"
      }
    },
    "node_modules/@aws-sdk/credential-provider-node": {
      "version": "3.972.83",
      "resolved": "https://registry.npmjs.org/@aws-sdk/credential-provider-node/-/credential-provider-node-3.972.83.tgz",
      "integrity": "sha512-jdso7ejzfRnatxMUZK4S/U6KbaDPCvfIV4XL+IQAPFDBt5rj5Fq595euqlK8Le4lNCMFR9oUpt+1l0aMgaayOQ==",
      "license": "Apache-2.0",
      "dependencies": {
        "@aws-sdk/credential-provider-env": "^3.972.71",
        "@aws-sdk/credential-provider-http": "^3.972.73",
        "@aws-sdk/credential-provider-ini": "^3.973.16",
        "@aws-sdk/credential-provider-process": "^3.972.71",
        "@aws-sdk/credential-provider-sso": "^3.973.15",
        "@aws-sdk/credential-provider-web-identity": "^3.972.77",
        "@aws-sdk/types": "^3.974.5",
        "@smithy/core": "^3.33.3",
        "@smithy/credential-provider-imds": "^4.4.16",
        "@smithy/types": "^4.17.2",
        "tslib": "^2.6.2"
      },
      "engines": {
        "node": ">=20.0.0"
      }
    },
    "node_modules/@aws-sdk/credential-provider-process": {
      "version": "3.972.71",
      "resolved": "https://registry.npmjs.org/@aws-sdk/credential-provider-process/-/credential-provider-process-3.972.71.tgz",
      "integrity": "sha512-lYmXJa4gvq4xN1lrT5NiP5vIYYKcGWAdj8y+8o6dlcateB5eF3Dn8DtmjjHKfMBrTPAMr2pebIiX/UOj8c1/UA==",
      "license": "Apache-2.0",
      "dependencies": {
        "@aws-sdk/core": "^3.978.0",
        "@aws-sdk/types": "^3.974.5",
        "@smithy/core": "^3.33.3",
        "@smithy/types": "^4.17.2",
        "tslib": "^2.6.2"
      },
      "engines": {
        "node": ">=20.0.0"
      }
    },
    "node_modules/@aws-sdk/credential-provider-sso": {
      "version": "3.973.15",
      "resolved": "https://registry.npmjs.org/@aws-sdk/credential-provider-sso/-/credential-provider-sso-3.973.15.tgz",
      "integrity": "sha512-6Jhcf4v0pSFdjk1EW2kvzuEBKD+UZ2uNcHUIglKKLndD20YhvkL2kdmDOV5/j4mYuWWwe/a1FQ1aomU86/Cg5Q==",
      "license": "Apache-2.0",
      "dependencies": {
        "@aws-sdk/core": "^3.978.0",
        "@aws-sdk/nested-clients": "^3.997.45",
        "@aws-sdk/token-providers": "3.1129.0",
        "@aws-sdk/types": "^3.974.5",
        "@smithy/core": "^3.33.3",
        "@smithy/types": "^4.17.2",
        "tslib": "^2.6.2"
      },
      "engines": {
        "node": ">=20.0.0"
      }
    },
    "node_modules/@aws-sdk/credential-provider-web-identity": {
      "version": "3.972.77",
      "resolved": "https://registry.npmjs.org/@aws-sdk/credential-provider-web-identity/-/credential-provider-web-identity-3.972.77.tgz",
      "integrity": "sha512-uylIQSUWpfLuH2LovxEEfwzJGM/SabLOfLMg6YXu/E8jJEKUdpdILCVCQCdFvHyu/7dLJOHPMfrSwduxO56NkQ==",
      "license": "Apache-2.0",
      "dependencies": {
        "@aws-sdk/core": "^3.978.0",
        "@aws-sdk/nested-clients": "^3.997.45",
        "@aws-sdk/types": "^3.974.5",
        "@smithy/core": "^3.33.3",
        "@smithy/types": "^4.17.2",
        "tslib": "^2.6.2"
      },
      "engines": {
        "node": ">=20.0.0"
      }
    },
    "node_modules/@aws-sdk/dynamodb-codec": {
      "version": "3.973.45",
      "resolved": "https://registry.npmjs.org/@aws-sdk/dynamodb-codec/-/dynamodb-codec-3.973.45.tgz",
      "integrity": "sha512-WMnbfe3igJy14RRzEnLDW9G2V0WbrXdnp2UYAGYJIgbB1wR33bBle0dmbVnejs6sHJWfP2N1cAAx/QxXnoyK8w==",
      "license": "Apache-2.0",
      "dependencies": {
        "@aws-sdk/core": "^3.978.0",
        "@smithy/core": "^3.33.3",
        "@smithy/types": "^4.17.2",
        "tslib": "^2.6.2"
      },
      "engines": {
        "node": ">=20.0.0"
      }
    },
    "node_modules/@aws-sdk/endpoint-cache": {
      "version": "3.972.11",
      "resolved": "https://registry.npmjs.org/@aws-sdk/endpoint-cache/-/endpoint-cache-3.972.11.tgz",
      "integrity": "sha512-8q1ICxcDjHId3bBryuu/j+1L9y5/3uQnwzLDt5j2ElcjZSoWmFtymdJy7OjLrluSMe0Z4mq5bcH4fxBXvlEHfw==",
      "license": "Apache-2.0",
      "dependencies": {
        "mnemonist": "0.38.3",
        "tslib": "^2.6.2"
      },
      "engines": {
        "node": ">=20.0.0"
      }
    },
    "node_modules/@aws-sdk/lib-dynamodb": {
      "version": "3.1130.0",
      "resolved": "https://registry.npmjs.org/@aws-sdk/lib-dynamodb/-/lib-dynamodb-3.1130.0.tgz",
      "integrity": "sha512-OcLWtHwnMFzsqNZx+k+Khtt4fVKQCW/81dfVQrG1/XY9os0khmUmW3iOvcQhT4EitnnKXKlfZoZhdBqf6/k8og==",
      "license": "Apache-2.0",
      "dependencies": {
        "@aws-sdk/core": "^3.978.0",
        "@aws-sdk/util-dynamodb": "^3.996.9",
        "@smithy/core": "^3.33.3",
        "@smithy/types": "^4.17.2",
        "tslib": "^2.6.2"
      },
      "engines": {
        "node": ">=20.0.0"
      },
      "peerDependencies": {
        "@aws-sdk/client-dynamodb": "^3.1130.0"
      }
    },
    "node_modules/@aws-sdk/middleware-endpoint-discovery": {
      "version": "3.972.30",
      "resolved": "https://registry.npmjs.org/@aws-sdk/middleware-endpoint-discovery/-/middleware-endpoint-discovery-3.972.30.tgz",
      "integrity": "sha512-0hmD7/NG2NoVOVHvUb6rtY5POQYr+/9gdHvrYhIBA1zmCqKOBd5Gz3dL+iZ15FHOJbs/5kLplGoePc8PHTlzYA==",
      "license": "Apache-2.0",
      "dependencies": {
        "@aws-sdk/endpoint-cache": "^3.972.11",
        "@aws-sdk/types": "^3.974.5",
        "@smithy/core": "^3.33.3",
        "@smithy/types": "^4.17.2",
        "tslib": "^2.6.2"
      },
      "engines": {
        "node": ">=20.0.0"
      }
    },
    "node_modules/@aws-sdk/middleware-sdk-sqs": {
      "version": "3.972.42",
      "resolved": "https://socket-firewall-registry.gateway.unified-30.internal.api.openai.org/npm/@aws-sdk/middleware-sdk-sqs/-/middleware-sdk-sqs-3.972.42.tgz",
      "integrity": "sha512-D/O6iHAqlm0b430vIGewanSsr5RzaWbSDFlHYdKLWlZb4kaMKBmb44ReNHAFEKj5tNRY8pysw0qfciosB/VcJg==",
      "license": "Apache-2.0",
      "dependencies": {
        "@aws-sdk/types": "^3.974.5",
        "@smithy/core": "^3.33.3",
        "@smithy/types": "^4.17.2",
        "tslib": "^2.6.2"
      },
      "engines": {
        "node": ">=20.0.0"
      }
    },
    "node_modules/@aws-sdk/nested-clients": {
      "version": "3.997.45",
      "resolved": "https://registry.npmjs.org/@aws-sdk/nested-clients/-/nested-clients-3.997.45.tgz",
      "integrity": "sha512-mooq9Q+jLa18VoM7HouczmslZU60iiB0aKc/Ztnq/luIL1ud0z4DnYprLR/ZO1gp331S9tJctM1HZr7u6YKBXQ==",
      "license": "Apache-2.0",
      "dependencies": {
        "@aws-sdk/core": "^3.978.0",
        "@aws-sdk/signature-v4-multi-region": "^3.996.46",
        "@aws-sdk/types": "^3.974.5",
        "@smithy/core": "^3.33.3",
        "@smithy/fetch-http-handler": "^5.7.2",
        "@smithy/node-http-handler": "^4.11.3",
        "@smithy/types": "^4.17.2",
        "tslib": "^2.6.2"
      },
      "engines": {
        "node": ">=20.0.0"
      }
    },
    "node_modules/@aws-sdk/signature-v4-multi-region": {
      "version": "3.996.46",
      "resolved": "https://registry.npmjs.org/@aws-sdk/signature-v4-multi-region/-/signature-v4-multi-region-3.996.46.tgz",
      "integrity": "sha512-L+2xZTye/2T96f3lwCws0Zw6GG2JHZW9e8FpVgGBeeExSKyeoZ6CWRpBml/7DNiK/O26jrgPM9F+Ay8VkgzUWQ==",
      "license": "Apache-2.0",
      "dependencies": {
        "@aws-sdk/types": "^3.974.5",
        "@smithy/signature-v4": "^5.6.12",
        "@smithy/types": "^4.17.2",
        "tslib": "^2.6.2"
      },
      "engines": {
        "node": ">=20.0.0"
      }
    },
    "node_modules/@aws-sdk/token-providers": {
      "version": "3.1129.0",
      "resolved": "https://registry.npmjs.org/@aws-sdk/token-providers/-/token-providers-3.1129.0.tgz",
      "integrity": "sha512-Sbl3rpzQdsG4ZK2zh0JWUYyZPKKorJlVOddA2T0DVbKJFrsW8J6wgnslxxUH04+WaBMr4A1HzJZvZX0xUvkniA==",
      "license": "Apache-2.0",
      "dependencies": {
        "@aws-sdk/core": "^3.978.0",
        "@aws-sdk/nested-clients": "^3.997.45",
        "@aws-sdk/types": "^3.974.5",
        "@smithy/core": "^3.33.3",
        "@smithy/types": "^4.17.2",
        "tslib": "^2.6.2"
      },
      "engines": {
        "node": ">=20.0.0"
      }
    },
    "node_modules/@aws-sdk/types": {
      "version": "3.974.5",
      "resolved": "https://registry.npmjs.org/@aws-sdk/types/-/types-3.974.5.tgz",
      "integrity": "sha512-LkwLL2BLbC6wNNm4JaH9mbEqBMdOZCct6VAYqhdN4U1xrWM+fUJQEfbHwQgDypapOWTRtlk25akb5afM0P8CIQ==",
      "license": "Apache-2.0",
      "dependencies": {
        "@smithy/types": "^4.17.2",
        "tslib": "^2.6.2"
      },
      "engines": {
        "node": ">=20.0.0"
      }
    },
    "node_modules/@aws-sdk/util-dynamodb": {
      "version": "3.996.9",
      "resolved": "https://registry.npmjs.org/@aws-sdk/util-dynamodb/-/util-dynamodb-3.996.9.tgz",
      "integrity": "sha512-16x2tRvl7OYpZ0W/DdFJieFriD13+RvuRBDbe5sj/tCEfK86HSGd7I2s5j0ivz8p6KWGkS+5wKRO9OliJkjUOQ==",
      "license": "Apache-2.0",
      "dependencies": {
        "tslib": "^2.6.2"
      },
      "engines": {
        "node": ">=20.0.0"
      },
      "peerDependencies": {
        "@aws-sdk/client-dynamodb": "^3.1111.0"
      }
    },
    "node_modules/@aws-sdk/xml-builder": {
      "version": "3.972.40",
      "resolved": "https://registry.npmjs.org/@aws-sdk/xml-builder/-/xml-builder-3.972.40.tgz",
      "integrity": "sha512-wlFmCIGUlwF4zx/kncw+bmxTQh1HeSJq4mYV/V5cZUSJadDP3kXvGW8Rn21cimj/7y9ju+47oYWXi97vF7czaA==",
      "license": "Apache-2.0",
      "dependencies": {
        "@smithy/types": "^4.17.2",
        "tslib": "^2.6.2"
      },
      "engines": {
        "node": ">=20.0.0"
      }
    },
    "node_modules/@aws/lambda-invoke-store": {
      "version": "0.3.0",
      "resolved": "https://registry.npmjs.org/@aws/lambda-invoke-store/-/lambda-invoke-store-0.3.0.tgz",
      "integrity": "sha512-sl4Bm6yiMNYrZKkqqDFWN0UfnWhlS8ivKxrYl+6t0gCLrqr8y3B2IqZZbFRkfaVVp7C/baApyh71P+LeE1A2sQ==",
      "license": "Apache-2.0",
      "engines": {
        "node": ">=18.0.0"
      }
    },
    "node_modules/@smithy/core": {
      "version": "3.34.1",
      "resolved": "https://registry.npmjs.org/@smithy/core/-/core-3.34.1.tgz",
      "integrity": "sha512-dLcOUxz8YCv1RZUMKq6GbyUf95pLbrqh34bPvpCZ1+CByFF31BEAFewZjsGCnVsZTKdThNENfGyAgk2TJqVwSw==",
      "license": "Apache-2.0",
      "dependencies": {
        "@smithy/types": "^4.18.0",
        "tslib": "^2.6.2"
      },
      "engines": {
        "node": ">=18.0.0"
      }
    },
    "node_modules/@smithy/credential-provider-imds": {
      "version": "4.5.2",
      "resolved": "https://registry.npmjs.org/@smithy/credential-provider-imds/-/credential-provider-imds-4.5.2.tgz",
      "integrity": "sha512-A9uSdn72ozbRUSit0eib0TW7nXuNPlaeM0zcGkJ+nE6tFcSDbnmtwoxbTCFBukVQcszDAyvsd7+rTduPTXpygg==",
      "license": "Apache-2.0",
      "dependencies": {
        "@smithy/core": "^3.33.2",
        "@smithy/types": "^4.17.2",
        "tslib": "^2.6.2"
      },
      "engines": {
        "node": ">=18.0.0"
      }
    },
    "node_modules/@smithy/fetch-http-handler": {
      "version": "5.8.0",
      "resolved": "https://registry.npmjs.org/@smithy/fetch-http-handler/-/fetch-http-handler-5.8.0.tgz",
      "integrity": "sha512-ycSJu3tFAQ4v04CBB0agqFMVsSQ1iG3yw+SpgxRqKfaURpQD4CZ8Wn0zPMmSnOuTpTh65Vz+EA0rMrw089wvkA==",
      "license": "Apache-2.0",
      "dependencies": {
        "@smithy/core": "^3.33.3",
        "@smithy/types": "^4.18.0",
        "tslib": "^2.6.2"
      },
      "engines": {
        "node": ">=18.0.0"
      }
    },
    "node_modules/@smithy/middleware-compression": {
      "version": "4.6.2",
      "resolved": "https://registry.npmjs.org/@smithy/middleware-compression/-/middleware-compression-4.6.2.tgz",
      "integrity": "sha512-Q9d+luiRjyHT6kCL/9NyGpdZJgodh4vtvfHC6H8SqoVKrV2k9RoyI9/IloVfdCYks3/2DIi7BsYYLcda5KZS0A==",
      "license": "Apache-2.0",
      "dependencies": {
        "@smithy/core": "^3.33.2",
        "@smithy/types": "^4.17.2",
        "fflate": "0.8.3",
        "tslib": "^2.6.2"
      },
      "engines": {
        "node": ">=18.0.0"
      }
    },
    "node_modules/@smithy/node-http-handler": {
      "version": "4.12.1",
      "resolved": "https://registry.npmjs.org/@smithy/node-http-handler/-/node-http-handler-4.12.1.tgz",
      "integrity": "sha512-ThMkboGeONWXAelq9FvGsuJC4rOi+qyC4/zhUF58xYpxUg5sQKx2VXZYJmtNjr4dSuBJ1HeJXETQILCz3wOHvw==",
      "license": "Apache-2.0",
      "dependencies": {
        "@smithy/core": "^3.33.3",
        "@smithy/types": "^4.18.0",
        "tslib": "^2.6.2"
      },
      "engines": {
        "node": ">=18.0.0"
      }
    },
    "node_modules/@smithy/signature-v4": {
      "version": "5.7.3",
      "resolved": "https://registry.npmjs.org/@smithy/signature-v4/-/signature-v4-5.7.3.tgz",
      "integrity": "sha512-7ImGm+FkHRLcBaRttIAMZ6bzJZWb2cJGoYjq46F2UjycujWzrL9GEN9h4w7eQyXJYnltrUhxbbieBAIRrdqpow==",
      "license": "Apache-2.0",
      "dependencies": {
        "@smithy/core": "^3.33.3",
        "@smithy/types": "^4.17.2",
        "tslib": "^2.6.2"
      },
      "engines": {
        "node": ">=18.0.0"
      }
    },
    "node_modules/@smithy/types": {
      "version": "4.18.0",
      "resolved": "https://registry.npmjs.org/@smithy/types/-/types-4.18.0.tgz",
      "integrity": "sha512-CgB6HHWer/vrKps24ulRIbpcpb7K4xAU7SkZ7YHzBPlwHsvsrCJFEXK421s+cJzX+ZrqtA/TuU5w1HzI7k9N8A==",
      "license": "Apache-2.0",
      "dependencies": {
        "tslib": "^2.6.2"
      },
      "engines": {
        "node": ">=18.0.0"
      }
    },
    "node_modules/bowser": {
      "version": "2.14.1",
      "resolved": "https://registry.npmjs.org/bowser/-/bowser-2.14.1.tgz",
      "integrity": "sha512-tzPjzCxygAKWFOJP011oxFHs57HzIhOEracIgAePE4pqB3LikALKnSzUyU4MGs9/iCEUuHlAJTjTc5M+u7YEGg==",
      "license": "MIT"
    },
    "node_modules/fflate": {
      "version": "0.8.3",
      "resolved": "https://registry.npmjs.org/fflate/-/fflate-0.8.3.tgz",
      "integrity": "sha512-tbZNuJrLwGUp3zshBtdy4W+ORxZuIh8a5ilyIEQDC5rY1f3U20JMry0Ll3WBzU58EZKsEuJFXhb5gwv8CsPvgA==",
      "license": "MIT"
    },
    "node_modules/mnemonist": {
      "version": "0.38.3",
      "resolved": "https://registry.npmjs.org/mnemonist/-/mnemonist-0.38.3.tgz",
      "integrity": "sha512-2K9QYubXx/NAjv4VLq1d1Ly8pWNC5L3BrixtdkyTegXWJIqY+zLNDhhX/A+ZwWt70tB1S8H4BE8FLYEFyNoOBw==",
      "license": "MIT",
      "dependencies": {
        "obliterator": "^1.6.1"
      }
    },
    "node_modules/obliterator": {
      "version": "1.6.1",
      "resolved": "https://registry.npmjs.org/obliterator/-/obliterator-1.6.1.tgz",
      "integrity": "sha512-9WXswnqINnnhOG/5SLimUlzuU1hFJUc8zkwyD59Sd+dPOMf05PmnYG/d6Q7HZ+KmgkZJa1PxRso6QdM3sTNHig==",
      "license": "MIT"
    },
    "node_modules/tslib": {
      "version": "2.8.1",
      "resolved": "https://registry.npmjs.org/tslib/-/tslib-2.8.1.tgz",
      "integrity": "sha512-oJFu94HQb+KVduSUQL7wnpmqnfmLsOA/nAh6b6EH0wCEoK0/mPeXU6c3wKDV83MkOuHPRHtSXKKU99IBazS/2w==",
      "license": "0BSD"
    }
  }
}
