{
  "name": "colppy-customer-success",
  "version": "1.0.0",
  "lockfileVersion": 3,
  "requires": true,
  "packages": {
    "": {
      "name": "colppy-customer-success",
      "version": "1.0.0",
      "license": "ISC",
      "dependencies": {
        "openai": "^6.25.0"
      }
    },
    "node_modules/openai": {
      "version": "6.25.0",
      "resolved": "https://registry.npmjs.org/openai/-/openai-6.25.0.tgz",
      "integrity": "sha512-mEh6VZ2ds2AGGokWARo18aPISI1OhlgdEIC1ewhkZr8pSIT31dec0ecr9Nhxx0JlybyOgoAT1sWeKtwPZzJyww==",
      "license": "Apache-2.0",
      "bin": {
        "openai": "bin/cli"
      },
      "peerDependencies": {
        "ws": "^8.18.0",
        "zod": "^3.25 || ^4.0"
      },
      "peerDependenciesMeta": {
        "ws": {
          "optional": true
        },
        "zod": {
          "optional": true
        }
      }
    }
  }
}
